// !$*UTF8*$!
{
	archiveVersion = 1;
	classes = {
	};
	objectVersion = 46;
	objects = {

/* Begin PBXBuildFile section */
		1D3623260D0F684500981E51 /* TowerSaintIphoneAppDelegate.m in Sources */ = {isa = PBXBuildFile; fileRef = 1D3623250D0F684500981E51 /* TowerSaintIphoneAppDelegate.m */; };
		1D60589B0D05DD56006BFB54 /* main.m in Sources */ = {isa = PBXBuildFile; fileRef = 29B97316FDCFA39411CA2CEA /* main.m */; };
		1D60589F0D05DD5A006BFB54 /* Foundation.framework in Frameworks */ = {isa = PBXBuildFile; fileRef = 1D30AB110D05D00D00671497 /* Foundation.framework */; };
		1DF5F4E00D08C38300B7A737 /* UIKit.framework in Frameworks */ = {isa = PBXBuildFile; fileRef = 1DF5F4DF0D08C38300B7A737 /* UIKit.framework */; };
		280E754D0DD40C5E005A515E /* FlipsideView.xib in Resources */ = {isa = PBXBuildFile; fileRef = 280E754A0DD40C5E005A515E /* FlipsideView.xib */; };
		280E754E0DD40C5E005A515E /* MainView.xib in Resources */ = {isa = PBXBuildFile; fileRef = 280E754B0DD40C5E005A515E /* MainView.xib */; };
		280E754F0DD40C5E005A515E /* MainWindow.xib in Resources */ = {isa = PBXBuildFile; fileRef = 280E754C0DD40C5E005A515E /* MainWindow.xib */; };
		288765590DF743DE002DB57D /* CoreGraphics.framework in Frameworks */ = {isa = PBXBuildFile; fileRef = 288765580DF743DE002DB57D /* CoreGraphics.framework */; };
		289233AE0DB2D0DB0083E9F9 /* MainViewController.m in Sources */ = {isa = PBXBuildFile; fileRef = 289233A90DB2D0DB0083E9F9 /* MainViewController.m */; };
		289233B00DB2D0DB0083E9F9 /* FlipsideViewController.m in Sources */ = {isa = PBXBuildFile; fileRef = 289233AD0DB2D0DB0083E9F9 /* FlipsideViewController.m */; };
		E608000D12A1E3BD0039BC4D /* FBDialog.bundle in Resources */ = {isa = PBXBuildFile; fileRef = E608FFF512A1E3BD0039BC4D /* FBDialog.bundle */; };
		E608000E12A1E3BD0039BC4D /* NSObject+SBJSON.m in Sources */ = {isa = PBXBuildFile; fileRef = E608FFF912A1E3BD0039BC4D /* NSObject+SBJSON.m */; };
		E608000F12A1E3BD0039BC4D /* NSString+SBJSON.m in Sources */ = {isa = PBXBuildFile; fileRef = E608FFFB12A1E3BD0039BC4D /* NSString+SBJSON.m */; };
		E608001012A1E3BD0039BC4D /* SBJSON.m in Sources */ = {isa = PBXBuildFile; fileRef = E608FFFD12A1E3BD0039BC4D /* SBJSON.m */; };
		E608001112A1E3BD0039BC4D /* SBJsonBase.m in Sources */ = {isa = PBXBuildFile; fileRef = E608FFFF12A1E3BD0039BC4D /* SBJsonBase.m */; };
		E608001212A1E3BD0039BC4D /* SBJsonParser.m in Sources */ = {isa = PBXBuildFile; fileRef = E608000112A1E3BD0039BC4D /* SBJsonParser.m */; };
		E608001312A1E3BD0039BC4D /* SBJsonWriter.m in Sources */ = {isa = PBXBuildFile; fileRef = E608000312A1E3BD0039BC4D /* SBJsonWriter.m */; };
		E608001412A1E3BD0039BC4D /* FBRequest.m in Sources */ = {isa = PBXBuildFile; fileRef = E608000612A1E3BD0039BC4D /* FBRequest.m */; };
		E608001512A1E3BD0039BC4D /* Facebook.m in Sources */ = {isa = PBXBuildFile; fileRef = E608000712A1E3BD0039BC4D /* Facebook.m */; };
		E608001612A1E3BD0039BC4D /* FBLoginDialog.m in Sources */ = {isa = PBXBuildFile; fileRef = E608000A12A1E3BD0039BC4D /* FBLoginDialog.m */; };
		E608001712A1E3BD0039BC4D /* FBDialog.m in Sources */ = {isa = PBXBuildFile; fileRef = E608000C12A1E3BD0039BC4D /* FBDialog.m */; };
		E6088C42129089C80034491A /* CoreLocationController.m in Sources */ = {isa = PBXBuildFile; fileRef = E6088C41129089C80034491A /* CoreLocationController.m */; };
		E653037D128E001600CBB0E2 /* Tower.m in Sources */ = {isa = PBXBuildFile; fileRef = E653037C128E001600CBB0E2 /* Tower.m */; };
		E6530380128E005A00CBB0E2 /* Road.m in Sources */ = {isa = PBXBuildFile; fileRef = E653037F128E005A00CBB0E2 /* Road.m */; };
		E6530383128E006900CBB0E2 /* Portal.m in Sources */ = {isa = PBXBuildFile; fileRef = E6530382128E006900CBB0E2 /* Portal.m */; };
		E6530386128E015D00CBB0E2 /* User.m in Sources */ = {isa = PBXBuildFile; fileRef = E6530385128E015D00CBB0E2 /* User.m */; };
		E6530390128E051800CBB0E2 /* iAd.framework in Frameworks */ = {isa = PBXBuildFile; fileRef = E653038F128E051800CBB0E2 /* iAd.framework */; };
		E6530394128E052600CBB0E2 /* CoreLocation.framework in Frameworks */ = {isa = PBXBuildFile; fileRef = E6530393128E052600CBB0E2 /* CoreLocation.framework */; };
		E65303F4128E2D3700CBB0E2 /* MapKit.framework in Frameworks */ = {isa = PBXBuildFile; fileRef = E65303F3128E2D3700CBB0E2 /* MapKit.framework */; };
		E6530415128E3A4D00CBB0E2 /* ModelConnectionAndParse.m in Sources */ = {isa = PBXBuildFile; fileRef = E6530414128E3A4D00CBB0E2 /* ModelConnectionAndParse.m */; };
		E653044D128F03F800CBB0E2 /* URLRequestManager.m in Sources */ = {isa = PBXBuildFile; fileRef = E653044C128F03F800CBB0E2 /* URLRequestManager.m */; };
		E6530464128F07E600CBB0E2 /* Bounds.m in Sources */ = {isa = PBXBuildFile; fileRef = E6530463128F07E600CBB0E2 /* Bounds.m */; };
		E698367012A301C200D7A672 /* ImageId.m in Sources */ = {isa = PBXBuildFile; fileRef = E698366F12A301C200D7A672 /* ImageId.m */; };
		E6A61A5512A17BC800CBEE87 /* NorthEastRoad.png in Resources */ = {isa = PBXBuildFile; fileRef = E6A61A4312A17BC800CBEE87 /* NorthEastRoad.png */; };
		E6A61A5612A17BC800CBEE87 /* NorthEastWestRoad.png in Resources */ = {isa = PBXBuildFile; fileRef = E6A61A4412A17BC800CBEE87 /* NorthEastWestRoad.png */; };
		E6A61A5712A17BC800CBEE87 /* NorthRoad.png in Resources */ = {isa = PBXBuildFile; fileRef = E6A61A4512A17BC800CBEE87 /* NorthRoad.png */; };
		E6A61A5812A17BC800CBEE87 /* NorthSouthEastRoad.png in Resources */ = {isa = PBXBuildFile; fileRef = E6A61A4612A17BC800CBEE87 /* NorthSouthEastRoad.png */; };
		E6A61A5912A17BC800CBEE87 /* NorthSouthEastWestRoad.png in Resources */ = {isa = PBXBuildFile; fileRef = E6A61A4712A17BC800CBEE87 /* NorthSouthEastWestRoad.png */; };
		E6A61A5A12A17BC800CBEE87 /* NorthSouthRoad.png in Resources */ = {isa = PBXBuildFile; fileRef = E6A61A4812A17BC800CBEE87 /* NorthSouthRoad.png */; };
		E6A61A5B12A17BC800CBEE87 /* NorthSouthWestRoad.png in Resources */ = {isa = PBXBuildFile; fileRef = E6A61A4912A17BC800CBEE87 /* NorthSouthWestRoad.png */; };
		E6A61A5C12A17BC800CBEE87 /* NorthWestRoad.png in Resources */ = {isa = PBXBuildFile; fileRef = E6A61A4A12A17BC800CBEE87 /* NorthWestRoad.png */; };
		E6A61A5D12A17BC800CBEE87 /* Portal.png in Resources */ = {isa = PBXBuildFile; fileRef = E6A61A4B12A17BC800CBEE87 /* Portal.png */; };
		E6A61A5E12A17BC800CBEE87 /* SouthEastRoad.png in Resources */ = {isa = PBXBuildFile; fileRef = E6A61A4C12A17BC800CBEE87 /* SouthEastRoad.png */; };
		E6A61A5F12A17BC800CBEE87 /* SouthEastWestRoad.png in Resources */ = {isa = PBXBuildFile; fileRef = E6A61A4D12A17BC800CBEE87 /* SouthEastWestRoad.png */; };
		E6A61A6012A17BC800CBEE87 /* SouthRoad.png in Resources */ = {isa = PBXBuildFile; fileRef = E6A61A4E12A17BC800CBEE87 /* SouthRoad.png */; };
		E6A61A6112A17BC800CBEE87 /* SouthWestRoad.png in Resources */ = {isa = PBXBuildFile; fileRef = E6A61A4F12A17BC800CBEE87 /* SouthWestRoad.png */; };
		E6A61A6212A17BC800CBEE87 /* Tower_Level0.png in Resources */ = {isa = PBXBuildFile; fileRef = E6A61A5012A17BC800CBEE87 /* Tower_Level0.png */; };
		E6A61A6312A17BC800CBEE87 /* Tower_Level1.png in Resources */ = {isa = PBXBuildFile; fileRef = E6A61A5112A17BC800CBEE87 /* Tower_Level1.png */; };
		E6A61A6412A17BC800CBEE87 /* Tower_Level2.png in Resources */ = {isa = PBXBuildFile; fileRef = E6A61A5212A17BC800CBEE87 /* Tower_Level2.png */; };
		E6A61A6512A17BC800CBEE87 /* TowerSaint.png in Resources */ = {isa = PBXBuildFile; fileRef = E6A61A5312A17BC800CBEE87 /* TowerSaint.png */; };
		E6A61A6612A17BC800CBEE87 /* WestRoad.png in Resources */ = {isa = PBXBuildFile; fileRef = E6A61A5412A17BC800CBEE87 /* WestRoad.png */; };
		E6A61A6A12A17BE000CBEE87 /* Crown.png in Resources */ = {isa = PBXBuildFile; fileRef = E6A61A6712A17BE000CBEE87 /* Crown.png */; };
		E6A61A6B12A17BE000CBEE87 /* EastRoad.png in Resources */ = {isa = PBXBuildFile; fileRef = E6A61A6812A17BE000CBEE87 /* EastRoad.png */; };
		E6A61A6C12A17BE000CBEE87 /* EastWestRoad.png in Resources */ = {isa = PBXBuildFile; fileRef = E6A61A6912A17BE000CBEE87 /* EastWestRoad.png */; };
		E6A61A8612A17CC200CBEE87 /* GameImages.plist in Resources */ = {isa = PBXBuildFile; fileRef = E6A61A8512A17CC200CBEE87 /* GameImages.plist */; };
/* End PBXBuildFile section */

/* Begin PBXFileReference section */
		1D30AB110D05D00D00671497 /* Foundation.framework */ = {isa = PBXFileReference; lastKnownFileType = wrapper.framework; name = Foundation.framework; path = System/Library/Frameworks/Foundation.framework; sourceTree = SDKROOT; };
		1D3623240D0F684500981E51 /* TowerSaintIphoneAppDelegate.h */ = {isa = PBXFileReference; fileEncoding = 4; lastKnownFileType = sourcecode.c.h; path = TowerSaintIphoneAppDelegate.h; sourceTree = "<group>"; };
		1D3623250D0F684500981E51 /* TowerSaintIphoneAppDelegate.m */ = {isa = PBXFileReference; fileEncoding = 4; lastKnownFileType = sourcecode.c.objc; path = TowerSaintIphoneAppDelegate.m; sourceTree = "<group>"; };
		1D6058910D05DD3D006BFB54 /* TowerSaintIphone.app */ = {isa = PBXFileReference; explicitFileType = wrapper.application; includeInIndex = 0; path = TowerSaintIphone.app; sourceTree = BUILT_PRODUCTS_DIR; };
		1DF5F4DF0D08C38300B7A737 /* UIKit.framework */ = {isa = PBXFileReference; lastKnownFileType = wrapper.framework; name = UIKit.framework; path = System/Library/Frameworks/UIKit.framework; sourceTree = SDKROOT; };
		280E754A0DD40C5E005A515E /* FlipsideView.xib */ = {isa = PBXFileReference; lastKnownFileType = file.xib; path = FlipsideView.xib; sourceTree = "<group>"; };
		280E754B0DD40C5E005A515E /* MainView.xib */ = {isa = PBXFileReference; lastKnownFileType = file.xib; path = MainView.xib; sourceTree = "<group>"; };
		280E754C0DD40C5E005A515E /* MainWindow.xib */ = {isa = PBXFileReference; lastKnownFileType = file.xib; path = MainWindow.xib; sourceTree = "<group>"; };
		288765580DF743DE002DB57D /* CoreGraphics.framework */ = {isa = PBXFileReference; lastKnownFileType = wrapper.framework; name = CoreGraphics.framework; path = System/Library/Frameworks/CoreGraphics.framework; sourceTree = SDKROOT; };
		289233A80DB2D0DB0083E9F9 /* MainViewController.h */ = {isa = PBXFileReference; fileEncoding = 4; lastKnownFileType = sourcecode.c.h; name = MainViewController.h; path = Classes/MainViewController.h; sourceTree = "<group>"; };
		289233A90DB2D0DB0083E9F9 /* MainViewController.m */ = {isa = PBXFileReference; fileEncoding = 4; lastKnownFileType = sourcecode.c.objc; name = MainViewController.m; path = Classes/MainViewController.m; sourceTree = "<group>"; };
		289233AC0DB2D0DB0083E9F9 /* FlipsideViewController.h */ = {isa = PBXFileReference; fileEncoding = 4; lastKnownFileType = sourcecode.c.h; name = FlipsideViewController.h; path = Classes/FlipsideViewController.h; sourceTree = "<group>"; };
		289233AD0DB2D0DB0083E9F9 /* FlipsideViewController.m */ = {isa = PBXFileReference; fileEncoding = 4; lastKnownFileType = sourcecode.c.objc; name = FlipsideViewController.m; path = Classes/FlipsideViewController.m; sourceTree = "<group>"; };
		29B97316FDCFA39411CA2CEA /* main.m */ = {isa = PBXFileReference; fileEncoding = 4; lastKnownFileType = sourcecode.c.objc; path = main.m; sourceTree = "<group>"; };
		32CA4F630368D1EE00C91783 /* TowerSaintIphone_Prefix.pch */ = {isa = PBXFileReference; fileEncoding = 4; lastKnownFileType = sourcecode.c.h; path = TowerSaintIphone_Prefix.pch; sourceTree = "<group>"; };
		8D1107310486CEB800E47090 /* TowerSaintIphone-Info.plist */ = {isa = PBXFileReference; fileEncoding = 4; lastKnownFileType = text.plist.xml; path = "TowerSaintIphone-Info.plist"; plistStructureDefinitionIdentifier = "com.apple.xcode.plist.structure-definition.iphone.info-plist"; sourceTree = "<group>"; };
		E608000012A1E3BD0039BC4D /* SBJsonParser.h */ = {isa = PBXFileReference; fileEncoding = 4; lastKnownFileType = sourcecode.c.h; path = SBJsonParser.h; sourceTree = "<group>"; };
		E608000112A1E3BD0039BC4D /* SBJsonParser.m */ = {isa = PBXFileReference; fileEncoding = 4; lastKnownFileType = sourcecode.c.objc; path = SBJsonParser.m; sourceTree = "<group>"; };
		E608000212A1E3BD0039BC4D /* SBJsonWriter.h */ = {isa = PBXFileReference; fileEncoding = 4; lastKnownFileType = sourcecode.c.h; path = SBJsonWriter.h; sourceTree = "<group>"; };
		E608000312A1E3BD0039BC4D /* SBJsonWriter.m */ = {isa = PBXFileReference; fileEncoding = 4; lastKnownFileType = sourcecode.c.objc; path = SBJsonWriter.m; sourceTree = "<group>"; };
		E608000412A1E3BD0039BC4D /* FBConnect.h */ = {isa = PBXFileReference; fileEncoding = 4; lastKnownFileType = sourcecode.c.h; name = FBConnect.h; path = "../facebook-ios-sdk/src/FBConnect.h"; sourceTree = SOURCE_ROOT; };
		E608000512A1E3BD0039BC4D /* FBRequest.h */ = {isa = PBXFileReference; fileEncoding = 4; lastKnownFileType = sourcecode.c.h; name = FBRequest.h; path = "../facebook-ios-sdk/src/FBRequest.h"; sourceTree = SOURCE_ROOT; };
		E608000612A1E3BD0039BC4D /* FBRequest.m */ = {isa = PBXFileReference; fileEncoding = 4; lastKnownFileType = sourcecode.c.objc; name = FBRequest.m; path = "../facebook-ios-sdk/src/FBRequest.m"; sourceTree = SOURCE_ROOT; };
		E608000712A1E3BD0039BC4D /* Facebook.m */ = {isa = PBXFileReference; fileEncoding = 4; lastKnownFileType = sourcecode.c.objc; name = Facebook.m; path = "../facebook-ios-sdk/src/Facebook.m"; sourceTree = SOURCE_ROOT; };
		E608000812A1E3BD0039BC4D /* Facebook.h */ = {isa = PBXFileReference; fileEncoding = 4; lastKnownFileType = sourcecode.c.h; name = Facebook.h; path = "../facebook-ios-sdk/src/Facebook.h"; sourceTree = SOURCE_ROOT; };
		E608000912A1E3BD0039BC4D /* FBLoginDialog.h */ = {isa = PBXFileReference; fileEncoding = 4; lastKnownFileType = sourcecode.c.h; name = FBLoginDialog.h; path = "../facebook-ios-sdk/src/FBLoginDialog.h"; sourceTree = SOURCE_ROOT; };
		E608000A12A1E3BD0039BC4D /* FBLoginDialog.m */ = {isa = PBXFileReference; fileEncoding = 4; lastKnownFileType = sourcecode.c.objc; name = FBLoginDialog.m; path = "../facebook-ios-sdk/src/FBLoginDialog.m"; sourceTree = SOURCE_ROOT; };
		E608000B12A1E3BD0039BC4D /* FBDialog.h */ = {isa = PBXFileReference; fileEncoding = 4; lastKnownFileType = sourcecode.c.h; name = FBDialog.h; path = "../facebook-ios-sdk/src/FBDialog.h"; sourceTree = SOURCE_ROOT; };
		E608000C12A1E3BD0039BC4D /* FBDialog.m */ = {isa = PBXFileReference; fileEncoding = 4; lastKnownFileType = sourcecode.c.objc; name = FBDialog.m; path = "../facebook-ios-sdk/src/FBDialog.m"; sourceTree = SOURCE_ROOT; };
		E6088C40129089C80034491A /* CoreLocationController.h */ = {isa = PBXFileReference; fileEncoding = 4; lastKnownFileType = sourcecode.c.h; path = CoreLocationController.h; sourceTree = "<group>"; };
		E6088C41129089C80034491A /* CoreLocationController.m */ = {isa = PBXFileReference; fileEncoding = 4; lastKnownFileType = sourcecode.c.objc; path = CoreLocationController.m; sourceTree = "<group>"; };
		E608FFF512A1E3BD0039BC4D /* FBDialog.bundle */ = {isa = PBXFileReference; lastKnownFileType = "wrapper.plug-in"; name = FBDialog.bundle; path = "../facebook-ios-sdk/src/FBDialog.bundle"; sourceTree = SOURCE_ROOT; };
		E608FFF712A1E3BD0039BC4D /* JSON.h */ = {isa = PBXFileReference; fileEncoding = 4; lastKnownFileType = sourcecode.c.h; path = JSON.h; sourceTree = "<group>"; };
		E608FFF812A1E3BD0039BC4D /* NSObject+SBJSON.h */ = {isa = PBXFileReference; fileEncoding = 4; lastKnownFileType = sourcecode.c.h; path = "NSObject+SBJSON.h"; sourceTree = "<group>"; };
		E608FFF912A1E3BD0039BC4D /* NSObject+SBJSON.m */ = {isa = PBXFileReference; fileEncoding = 4; lastKnownFileType = sourcecode.c.objc; path = "NSObject+SBJSON.m"; sourceTree = "<group>"; };
		E608FFFA12A1E3BD0039BC4D /* NSString+SBJSON.h */ = {isa = PBXFileReference; fileEncoding = 4; lastKnownFileType = sourcecode.c.h; path = "NSString+SBJSON.h"; sourceTree = "<group>"; };
		E608FFFB12A1E3BD0039BC4D /* NSString+SBJSON.m */ = {isa = PBXFileReference; fileEncoding = 4; lastKnownFileType = sourcecode.c.objc; path = "NSString+SBJSON.m"; sourceTree = "<group>"; };
		E608FFFC12A1E3BD0039BC4D /* SBJSON.h */ = {isa = PBXFileReference; fileEncoding = 4; lastKnownFileType = sourcecode.c.h; path = SBJSON.h; sourceTree = "<group>"; };
		E608FFFD12A1E3BD0039BC4D /* SBJSON.m */ = {isa = PBXFileReference; fileEncoding = 4; lastKnownFileType = sourcecode.c.objc; path = SBJSON.m; sourceTree = "<group>"; };
		E608FFFE12A1E3BD0039BC4D /* SBJsonBase.h */ = {isa = PBXFileReference; fileEncoding = 4; lastKnownFileType = sourcecode.c.h; path = SBJsonBase.h; sourceTree = "<group>"; };
		E608FFFF12A1E3BD0039BC4D /* SBJsonBase.m */ = {isa = PBXFileReference; fileEncoding = 4; lastKnownFileType = sourcecode.c.objc; path = SBJsonBase.m; sourceTree = "<group>"; };
		E653037B128E001600CBB0E2 /* Tower.h */ = {isa = PBXFileReference; fileEncoding = 4; lastKnownFileType = sourcecode.c.h; path = Tower.h; sourceTree = "<group>"; };
		E653037C128E001600CBB0E2 /* Tower.m */ = {isa = PBXFileReference; fileEncoding = 4; lastKnownFileType = sourcecode.c.objc; path = Tower.m; sourceTree = "<group>"; };
		E653037E128E005A00CBB0E2 /* Road.h */ = {isa = PBXFileReference; fileEncoding = 4; lastKnownFileType = sourcecode.c.h; path = Road.h; sourceTree = "<group>"; };
		E653037F128E005A00CBB0E2 /* Road.m */ = {isa = PBXFileReference; fileEncoding = 4; lastKnownFileType = sourcecode.c.objc; path = Road.m; sourceTree = "<group>"; };
		E6530381128E006900CBB0E2 /* Portal.h */ = {isa = PBXFileReference; fileEncoding = 4; lastKnownFileType = sourcecode.c.h; path = Portal.h; sourceTree = "<group>"; };
		E6530382128E006900CBB0E2 /* Portal.m */ = {isa = PBXFileReference; fileEncoding = 4; lastKnownFileType = sourcecode.c.objc; path = Portal.m; sourceTree = "<group>"; };
		E6530384128E015D00CBB0E2 /* User.h */ = {isa = PBXFileReference; fileEncoding = 4; lastKnownFileType = sourcecode.c.h; path = User.h; sourceTree = "<group>"; };
		E6530385128E015D00CBB0E2 /* User.m */ = {isa = PBXFileReference; fileEncoding = 4; lastKnownFileType = sourcecode.c.objc; path = User.m; sourceTree = "<group>"; };
		E653038F128E051800CBB0E2 /* iAd.framework */ = {isa = PBXFileReference; lastKnownFileType = wrapper.framework; name = iAd.framework; path = System/Library/Frameworks/iAd.framework; sourceTree = SDKROOT; };
		E6530393128E052600CBB0E2 /* CoreLocation.framework */ = {isa = PBXFileReference; lastKnownFileType = wrapper.framework; name = CoreLocation.framework; path = System/Library/Frameworks/CoreLocation.framework; sourceTree = SDKROOT; };
		E65303F3128E2D3700CBB0E2 /* MapKit.framework */ = {isa = PBXFileReference; lastKnownFileType = wrapper.framework; name = MapKit.framework; path = System/Library/Frameworks/MapKit.framework; sourceTree = SDKROOT; };
		E6530413128E3A4D00CBB0E2 /* ModelConnectionAndParse.h */ = {isa = PBXFileReference; fileEncoding = 4; lastKnownFileType = sourcecode.c.h; path = ModelConnectionAndParse.h; sourceTree = "<group>"; };
		E6530414128E3A4D00CBB0E2 /* ModelConnectionAndParse.m */ = {isa = PBXFileReference; fileEncoding = 4; lastKnownFileType = sourcecode.c.objc; path = ModelConnectionAndParse.m; sourceTree = "<group>"; };
		E653043C128ED83A00CBB0E2 /* Model.h */ = {isa = PBXFileReference; fileEncoding = 4; lastKnownFileType = sourcecode.c.h; path = Model.h; sourceTree = "<group>"; };
		E653044B128F03F800CBB0E2 /* URLRequestManager.h */ = {isa = PBXFileReference; fileEncoding = 4; lastKnownFileType = sourcecode.c.h; path = URLRequestManager.h; sourceTree = "<group>"; };
		E653044C128F03F800CBB0E2 /* URLRequestManager.m */ = {isa = PBXFileReference; fileEncoding = 4; lastKnownFileType = sourcecode.c.objc; path = URLRequestManager.m; sourceTree = "<group>"; };
		E6530462128F07E600CBB0E2 /* Bounds.h */ = {isa = PBXFileReference; fileEncoding = 4; lastKnownFileType = sourcecode.c.h; path = Bounds.h; sourceTree = "<group>"; };
		E6530463128F07E600CBB0E2 /* Bounds.m */ = {isa = PBXFileReference; fileEncoding = 4; lastKnownFileType = sourcecode.c.objc; path = Bounds.m; sourceTree = "<group>"; };
		E698366E12A301C200D7A672 /* ImageId.h */ = {isa = PBXFileReference; fileEncoding = 4; lastKnownFileType = sourcecode.c.h; path = ImageId.h; sourceTree = "<group>"; };
		E698366F12A301C200D7A672 /* ImageId.m */ = {isa = PBXFileReference; fileEncoding = 4; lastKnownFileType = sourcecode.c.objc; path = ImageId.m; sourceTree = "<group>"; };
		E6A61A4312A17BC800CBEE87 /* NorthEastRoad.png */ = {isa = PBXFileReference; lastKnownFileType = image.png; path = NorthEastRoad.png; sourceTree = "<group>"; };
		E6A61A4412A17BC800CBEE87 /* NorthEastWestRoad.png */ = {isa = PBXFileReference; lastKnownFileType = image.png; path = NorthEastWestRoad.png; sourceTree = "<group>"; };
		E6A61A4512A17BC800CBEE87 /* NorthRoad.png */ = {isa = PBXFileReference; lastKnownFileType = image.png; path = NorthRoad.png; sourceTree = "<group>"; };
		E6A61A4612A17BC800CBEE87 /* NorthSouthEastRoad.png */ = {isa = PBXFileReference; lastKnownFileType = image.png; path = NorthSouthEastRoad.png; sourceTree = "<group>"; };
		E6A61A4712A17BC800CBEE87 /* NorthSouthEastWestRoad.png */ = {isa = PBXFileReference; lastKnownFileType = image.png; path = NorthSouthEastWestRoad.png; sourceTree = "<group>"; };
		E6A61A4812A17BC800CBEE87 /* NorthSouthRoad.png */ = {isa = PBXFileReference; lastKnownFileType = image.png; path = NorthSouthRoad.png; sourceTree = "<group>"; };
		E6A61A4912A17BC800CBEE87 /* NorthSouthWestRoad.png */ = {isa = PBXFileReference; lastKnownFileType = image.png; path = NorthSouthWestRoad.png; sourceTree = "<group>"; };
		E6A61A4A12A17BC800CBEE87 /* NorthWestRoad.png */ = {isa = PBXFileReference; lastKnownFileType = image.png; path = NorthWestRoad.png; sourceTree = "<group>"; };
		E6A61A4B12A17BC800CBEE87 /* Portal.png */ = {isa = PBXFileReference; lastKnownFileType = image.png; path = Portal.png; sourceTree = "<group>"; };
		E6A61A4C12A17BC800CBEE87 /* SouthEastRoad.png */ = {isa = PBXFileReference; lastKnownFileType = image.png; path = SouthEastRoad.png; sourceTree = "<group>"; };
		E6A61A4D12A17BC800CBEE87 /* SouthEastWestRoad.png */ = {isa = PBXFileReference; lastKnownFileType = image.png; path = SouthEastWestRoad.png; sourceTree = "<group>"; };
		E6A61A4E12A17BC800CBEE87 /* SouthRoad.png */ = {isa = PBXFileReference; lastKnownFileType = image.png; path = SouthRoad.png; sourceTree = "<group>"; };
		E6A61A4F12A17BC800CBEE87 /* SouthWestRoad.png */ = {isa = PBXFileReference; lastKnownFileType = image.png; path = SouthWestRoad.png; sourceTree = "<group>"; };
		E6A61A5012A17BC800CBEE87 /* Tower_Level0.png */ = {isa = PBXFileReference; lastKnownFileType = image.png; path = Tower_Level0.png; sourceTree = "<group>"; };
		E6A61A5112A17BC800CBEE87 /* Tower_Level1.png */ = {isa = PBXFileReference; lastKnownFileType = image.png; path = Tower_Level1.png; sourceTree = "<group>"; };
		E6A61A5212A17BC800CBEE87 /* Tower_Level2.png */ = {isa = PBXFileReference; lastKnownFileType = image.png; path = Tower_Level2.png; sourceTree = "<group>"; };
		E6A61A5312A17BC800CBEE87 /* TowerSaint.png */ = {isa = PBXFileReference; lastKnownFileType = image.png; path = TowerSaint.png; sourceTree = "<group>"; };
		E6A61A5412A17BC800CBEE87 /* WestRoad.png */ = {isa = PBXFileReference; lastKnownFileType = image.png; path = WestRoad.png; sourceTree = "<group>"; };
		E6A61A6712A17BE000CBEE87 /* Crown.png */ = {isa = PBXFileReference; lastKnownFileType = image.png; path = Crown.png; sourceTree = "<group>"; };
		E6A61A6812A17BE000CBEE87 /* EastRoad.png */ = {isa = PBXFileReference; lastKnownFileType = image.png; path = EastRoad.png; sourceTree = "<group>"; };
		E6A61A6912A17BE000CBEE87 /* EastWestRoad.png */ = {isa = PBXFileReference; lastKnownFileType = image.png; path = EastWestRoad.png; sourceTree = "<group>"; };
		E6A61A8512A17CC200CBEE87 /* GameImages.plist */ = {isa = PBXFileReference; fileEncoding = 4; lastKnownFileType = text.plist.xml; path = GameImages.plist; sourceTree = "<group>"; };
/* End PBXFileReference section */

/* Begin PBXFrameworksBuildPhase section */
		1D60588F0D05DD3D006BFB54 /* Frameworks */ = {
			isa = PBXFrameworksBuildPhase;
			buildActionMask = 2147483647;
			files = (
				1D60589F0D05DD5A006BFB54 /* Foundation.framework in Frameworks */,
				1DF5F4E00D08C38300B7A737 /* UIKit.framework in Frameworks */,
				288765590DF743DE002DB57D /* CoreGraphics.framework in Frameworks */,
				E6530390128E051800CBB0E2 /* iAd.framework in Frameworks */,
				E6530394128E052600CBB0E2 /* CoreLocation.framework in Frameworks */,
				E65303F4128E2D3700CBB0E2 /* MapKit.framework in Frameworks */,
			);
			runOnlyForDeploymentPostprocessing = 0;
		};
/* End PBXFrameworksBuildPhase section */

/* Begin PBXGroup section */
		080E96DDFE201D6D7F000001 /* Application Delegate */ = {
			isa = PBXGroup;
			children = (
				1D3623240D0F684500981E51 /* TowerSaintIphoneAppDelegate.h */,
				1D3623250D0F684500981E51 /* TowerSaintIphoneAppDelegate.m */,
			);
			name = "Application Delegate";
			path = Classes;
			sourceTree = "<group>";
		};
		19C28FACFE9D520D11CA2CBB /* Products */ = {
			isa = PBXGroup;
			children = (
				1D6058910D05DD3D006BFB54 /* TowerSaintIphone.app */,
			);
			name = Products;
			sourceTree = "<group>";
		};
		281C6CD70DB2D82200F60ACC /* Flipside View */ = {
			isa = PBXGroup;
			children = (
				289233AC0DB2D0DB0083E9F9 /* FlipsideViewController.h */,
				289233AD0DB2D0DB0083E9F9 /* FlipsideViewController.m */,
			);
			name = "Flipside View";
			sourceTree = "<group>";
		};
		289233A00DB2D0730083E9F9 /* Main View */ = {
			isa = PBXGroup;
			children = (
				289233A80DB2D0DB0083E9F9 /* MainViewController.h */,
				289233A90DB2D0DB0083E9F9 /* MainViewController.m */,
			);
			name = "Main View";
			sourceTree = "<group>";
		};
		29B97314FDCFA39411CA2CEA /* CustomTemplate */ = {
			isa = PBXGroup;
			children = (
				E608FFF412A1E3BD0039BC4D /* FBConnect */,
				E6088C28129088540034491A /* Location */,
				E653040F128E39BC00CBB0E2 /* Connection */,
				E653037A128DFFBD00CBB0E2 /* Models */,
				289233A00DB2D0730083E9F9 /* Main View */,
				281C6CD70DB2D82200F60ACC /* Flipside View */,
				080E96DDFE201D6D7F000001 /* Application Delegate */,
				29B97315FDCFA39411CA2CEA /* Other Sources */,
				29B97317FDCFA39411CA2CEA /* Resources */,
				29B97323FDCFA39411CA2CEA /* Frameworks */,
				19C28FACFE9D520D11CA2CBB /* Products */,
			);
			name = CustomTemplate;
			sourceTree = "<group>";
		};
		29B97315FDCFA39411CA2CEA /* Other Sources */ = {
			isa = PBXGroup;
			children = (
				32CA4F630368D1EE00C91783 /* TowerSaintIphone_Prefix.pch */,
				29B97316FDCFA39411CA2CEA /* main.m */,
			);
			name = "Other Sources";
			sourceTree = "<group>";
		};
		29B97317FDCFA39411CA2CEA /* Resources */ = {
			isa = PBXGroup;
			children = (
				E6A61A4212A17B8A00CBEE87 /* Images */,
				280E754A0DD40C5E005A515E /* FlipsideView.xib */,
				280E754B0DD40C5E005A515E /* MainView.xib */,
				280E754C0DD40C5E005A515E /* MainWindow.xib */,
				8D1107310486CEB800E47090 /* TowerSaintIphone-Info.plist */,
				E6A61A8512A17CC200CBEE87 /* GameImages.plist */,
			);
			name = Resources;
			sourceTree = "<group>";
		};
		29B97323FDCFA39411CA2CEA /* Frameworks */ = {
			isa = PBXGroup;
			children = (
				1DF5F4DF0D08C38300B7A737 /* UIKit.framework */,
				1D30AB110D05D00D00671497 /* Foundation.framework */,
				288765580DF743DE002DB57D /* CoreGraphics.framework */,
				E653038F128E051800CBB0E2 /* iAd.framework */,
				E6530393128E052600CBB0E2 /* CoreLocation.framework */,
				E65303F3128E2D3700CBB0E2 /* MapKit.framework */,
			);
			name = Frameworks;
			sourceTree = "<group>";
		};
		E6088C28129088540034491A /* Location */ = {
			isa = PBXGroup;
			children = (
				E6088C40129089C80034491A /* CoreLocationController.h */,
				E6088C41129089C80034491A /* CoreLocationController.m */,
			);
			name = Location;
			sourceTree = "<group>";
		};
		E608FFF412A1E3BD0039BC4D /* FBConnect */ = {
			isa = PBXGroup;
			children = (
				E608FFF512A1E3BD0039BC4D /* FBDialog.bundle */,
				E608FFF612A1E3BD0039BC4D /* JSON */,
				E608000412A1E3BD0039BC4D /* FBConnect.h */,
				E608000512A1E3BD0039BC4D /* FBRequest.h */,
				E608000612A1E3BD0039BC4D /* FBRequest.m */,
				E608000712A1E3BD0039BC4D /* Facebook.m */,
				E608000812A1E3BD0039BC4D /* Facebook.h */,
				E608000912A1E3BD0039BC4D /* FBLoginDialog.h */,
				E608000A12A1E3BD0039BC4D /* FBLoginDialog.m */,
				E608000B12A1E3BD0039BC4D /* FBDialog.h */,
				E608000C12A1E3BD0039BC4D /* FBDialog.m */,
			);
			name = FBConnect;
			sourceTree = "<group>";
		};
		E608FFF612A1E3BD0039BC4D /* JSON */ = {
			isa = PBXGroup;
			children = (
				E608FFF712A1E3BD0039BC4D /* JSON.h */,
				E608FFF812A1E3BD0039BC4D /* NSObject+SBJSON.h */,
				E608FFF912A1E3BD0039BC4D /* NSObject+SBJSON.m */,
				E608FFFA12A1E3BD0039BC4D /* NSString+SBJSON.h */,
				E608FFFB12A1E3BD0039BC4D /* NSString+SBJSON.m */,
				E608FFFC12A1E3BD0039BC4D /* SBJSON.h */,
				E608FFFD12A1E3BD0039BC4D /* SBJSON.m */,
				E608FFFE12A1E3BD0039BC4D /* SBJsonBase.h */,
				E608FFFF12A1E3BD0039BC4D /* SBJsonBase.m */,
				E608000012A1E3BD0039BC4D /* SBJsonParser.h */,
				E608000112A1E3BD0039BC4D /* SBJsonParser.m */,
				E608000212A1E3BD0039BC4D /* SBJsonWriter.h */,
				E608000312A1E3BD0039BC4D /* SBJsonWriter.m */,
			);
			name = JSON;
			path = "../facebook-ios-sdk/src/JSON";
			sourceTree = SOURCE_ROOT;
		};
		E653037A128DFFBD00CBB0E2 /* Models */ = {
			isa = PBXGroup;
			children = (
				E653037B128E001600CBB0E2 /* Tower.h */,
				E653037C128E001600CBB0E2 /* Tower.m */,
				E653037E128E005A00CBB0E2 /* Road.h */,
				E653037F128E005A00CBB0E2 /* Road.m */,
				E6530381128E006900CBB0E2 /* Portal.h */,
				E6530382128E006900CBB0E2 /* Portal.m */,
				E6530384128E015D00CBB0E2 /* User.h */,
				E6530385128E015D00CBB0E2 /* User.m */,
				E653043C128ED83A00CBB0E2 /* Model.h */,
				E6530462128F07E600CBB0E2 /* Bounds.h */,
				E6530463128F07E600CBB0E2 /* Bounds.m */,
				E698366E12A301C200D7A672 /* ImageId.h */,
				E698366F12A301C200D7A672 /* ImageId.m */,
			);
			name = Models;
			sourceTree = "<group>";
		};
		E653040F128E39BC00CBB0E2 /* Connection */ = {
			isa = PBXGroup;
			children = (
				E6530413128E3A4D00CBB0E2 /* ModelConnectionAndParse.h */,
				E6530414128E3A4D00CBB0E2 /* ModelConnectionAndParse.m */,
				E653044B128F03F800CBB0E2 /* URLRequestManager.h */,
				E653044C128F03F800CBB0E2 /* URLRequestManager.m */,
			);
			name = Connection;
			sourceTree = "<group>";
		};
		E6A61A4212A17B8A00CBEE87 /* Images */ = {
			isa = PBXGroup;
			children = (
				E6A61A6712A17BE000CBEE87 /* Crown.png */,
				E6A61A6812A17BE000CBEE87 /* EastRoad.png */,
				E6A61A6912A17BE000CBEE87 /* EastWestRoad.png */,
				E6A61A4312A17BC800CBEE87 /* NorthEastRoad.png */,
				E6A61A4412A17BC800CBEE87 /* NorthEastWestRoad.png */,
				E6A61A4512A17BC800CBEE87 /* NorthRoad.png */,
				E6A61A4612A17BC800CBEE87 /* NorthSouthEastRoad.png */,
				E6A61A4712A17BC800CBEE87 /* NorthSouthEastWestRoad.png */,
				E6A61A4812A17BC800CBEE87 /* NorthSouthRoad.png */,
				E6A61A4912A17BC800CBEE87 /* NorthSouthWestRoad.png */,
				E6A61A4A12A17BC800CBEE87 /* NorthWestRoad.png */,
				E6A61A4B12A17BC800CBEE87 /* Portal.png */,
				E6A61A4C12A17BC800CBEE87 /* SouthEastRoad.png */,
				E6A61A4D12A17BC800CBEE87 /* SouthEastWestRoad.png */,
				E6A61A4E12A17BC800CBEE87 /* SouthRoad.png */,
				E6A61A4F12A17BC800CBEE87 /* SouthWestRoad.png */,
				E6A61A5012A17BC800CBEE87 /* Tower_Level0.png */,
				E6A61A5112A17BC800CBEE87 /* Tower_Level1.png */,
				E6A61A5212A17BC800CBEE87 /* Tower_Level2.png */,
				E6A61A5312A17BC800CBEE87 /* TowerSaint.png */,
				E6A61A5412A17BC800CBEE87 /* WestRoad.png */,
			);
			name = Images;
			sourceTree = "<group>";
		};
/* End PBXGroup section */

/* Begin PBXNativeTarget section */
		1D6058900D05DD3D006BFB54 /* TowerSaintIphone */ = {
			isa = PBXNativeTarget;
			buildConfigurationList = 1D6058960D05DD3E006BFB54 /* Build configuration list for PBXNativeTarget "TowerSaintIphone" */;
			buildPhases = (
				1D60588D0D05DD3D006BFB54 /* Resources */,
				1D60588E0D05DD3D006BFB54 /* Sources */,
				1D60588F0D05DD3D006BFB54 /* Frameworks */,
			);
			buildRules = (
			);
			dependencies = (
			);
			name = TowerSaintIphone;
			productName = TowerSaintIphone;
			productReference = 1D6058910D05DD3D006BFB54 /* TowerSaintIphone.app */;
			productType = "com.apple.product-type.application";
		};
/* End PBXNativeTarget section */

/* Begin PBXProject section */
		29B97313FDCFA39411CA2CEA /* Project object */ = {
			isa = PBXProject;
			attributes = {
				ORGANIZATIONNAME = TowerSaint;
			};
			buildConfigurationList = C01FCF4E08A954540054247B /* Build configuration list for PBXProject "TowerSaintIphone" */;
			compatibilityVersion = "Xcode 3.2";
			hasScannedForEncodings = 1;
			knownRegions = (
				English,
				Japanese,
				French,
				German,
				en,
			);
			mainGroup = 29B97314FDCFA39411CA2CEA /* CustomTemplate */;
			projectDirPath = "";
			projectRoot = "";
			targets = (
				1D6058900D05DD3D006BFB54 /* TowerSaintIphone */,
			);
		};
/* End PBXProject section */

/* Begin PBXResourcesBuildPhase section */
		1D60588D0D05DD3D006BFB54 /* Resources */ = {
			isa = PBXResourcesBuildPhase;
			buildActionMask = 2147483647;
			files = (
				280E754D0DD40C5E005A515E /* FlipsideView.xib in Resources */,
				280E754E0DD40C5E005A515E /* MainView.xib in Resources */,
				280E754F0DD40C5E005A515E /* MainWindow.xib in Resources */,
				E6A61A5512A17BC800CBEE87 /* NorthEastRoad.png in Resources */,
				E6A61A5612A17BC800CBEE87 /* NorthEastWestRoad.png in Resources */,
				E6A61A5712A17BC800CBEE87 /* NorthRoad.png in Resources */,
				E6A61A5812A17BC800CBEE87 /* NorthSouthEastRoad.png in Resources */,
				E6A61A5912A17BC800CBEE87 /* NorthSouthEastWestRoad.png in Resources */,
				E6A61A5A12A17BC800CBEE87 /* NorthSouthRoad.png in Resources */,
				E6A61A5B12A17BC800CBEE87 /* NorthSouthWestRoad.png in Resources */,
				E6A61A5C12A17BC800CBEE87 /* NorthWestRoad.png in Resources */,
				E6A61A5D12A17BC800CBEE87 /* Portal.png in Resources */,
				E6A61A5E12A17BC800CBEE87 /* SouthEastRoad.png in Resources */,
				E6A61A5F12A17BC800CBEE87 /* SouthEastWestRoad.png in Resources */,
				E6A61A6012A17BC800CBEE87 /* SouthRoad.png in Resources */,
				E6A61A6112A17BC800CBEE87 /* SouthWestRoad.png in Resources */,
				E6A61A6212A17BC800CBEE87 /* Tower_Level0.png in Resources */,
				E6A61A6312A17BC800CBEE87 /* Tower_Level1.png in Resources */,
				E6A61A6412A17BC800CBEE87 /* Tower_Level2.png in Resources */,
				E6A61A6512A17BC800CBEE87 /* TowerSaint.png in Resources */,
				E6A61A6612A17BC800CBEE87 /* WestRoad.png in Resources */,
				E6A61A6A12A17BE000CBEE87 /* Crown.png in Resources */,
				E6A61A6B12A17BE000CBEE87 /* EastRoad.png in Resources */,
				E6A61A6C12A17BE000CBEE87 /* EastWestRoad.png in Resources */,
				E6A61A8612A17CC200CBEE87 /* GameImages.plist in Resources */,
				E608000D12A1E3BD0039BC4D /* FBDialog.bundle in Resources */,
			);
			runOnlyForDeploymentPostprocessing = 0;
		};
/* End PBXResourcesBuildPhase section */

/* Begin PBXSourcesBuildPhase section */
		1D60588E0D05DD3D006BFB54 /* Sources */ = {
			isa = PBXSourcesBuildPhase;
			buildActionMask = 2147483647;
			files = (
				1D60589B0D05DD56006BFB54 /* main.m in Sources */,
				1D3623260D0F684500981E51 /* TowerSaintIphoneAppDelegate.m in Sources */,
				289233AE0DB2D0DB0083E9F9 /* MainViewController.m in Sources */,
				289233B00DB2D0DB0083E9F9 /* FlipsideViewController.m in Sources */,
				E653037D128E001600CBB0E2 /* Tower.m in Sources */,
				E6530380128E005A00CBB0E2 /* Road.m in Sources */,
				E6530383128E006900CBB0E2 /* Portal.m in Sources */,
				E6530386128E015D00CBB0E2 /* User.m in Sources */,
				E6530415128E3A4D00CBB0E2 /* ModelConnectionAndParse.m in Sources */,
				E653044D128F03F800CBB0E2 /* URLRequestManager.m in Sources */,
				E6530464128F07E600CBB0E2 /* Bounds.m in Sources */,
				E6088C42129089C80034491A /* CoreLocationController.m in Sources */,
				E608000E12A1E3BD0039BC4D /* NSObject+SBJSON.m in Sources */,
				E608000F12A1E3BD0039BC4D /* NSString+SBJSON.m in Sources */,
				E608001012A1E3BD0039BC4D /* SBJSON.m in Sources */,
				E608001112A1E3BD0039BC4D /* SBJsonBase.m in Sources */,
				E608001212A1E3BD0039BC4D /* SBJsonParser.m in Sources */,
				E608001312A1E3BD0039BC4D /* SBJsonWriter.m in Sources */,
				E608001412A1E3BD0039BC4D /* FBRequest.m in Sources */,
				E608001512A1E3BD0039BC4D /* Facebook.m in Sources */,
				E608001612A1E3BD0039BC4D /* FBLoginDialog.m in Sources */,
				E608001712A1E3BD0039BC4D /* FBDialog.m in Sources */,
				E698367012A301C200D7A672 /* ImageId.m in Sources */,
			);
			runOnlyForDeploymentPostprocessing = 0;
		};
/* End PBXSourcesBuildPhase section */

/* Begin XCBuildConfiguration section */
		1D6058940D05DD3E006BFB54 /* Debug */ = {
			isa = XCBuildConfiguration;
			buildSettings = {
				ALWAYS_SEARCH_USER_PATHS = NO;
				COPY_PHASE_STRIP = NO;
				GCC_DYNAMIC_NO_PIC = NO;
				GCC_OPTIMIZATION_LEVEL = 0;
				GCC_PRECOMPILE_PREFIX_HEADER = YES;
				GCC_PREFIX_HEADER = TowerSaintIphone_Prefix.pch;
				INFOPLIST_FILE = "TowerSaintIphone-Info.plist";
				PRODUCT_NAME = TowerSaintIphone;
			};
			name = Debug;
		};
		1D6058950D05DD3E006BFB54 /* Release */ = {
			isa = XCBuildConfiguration;
			buildSettings = {
				ALWAYS_SEARCH_USER_PATHS = NO;
				COPY_PHASE_STRIP = YES;
				GCC_PRECOMPILE_PREFIX_HEADER = YES;
				GCC_PREFIX_HEADER = TowerSaintIphone_Prefix.pch;
				INFOPLIST_FILE = "TowerSaintIphone-Info.plist";
				PRODUCT_NAME = TowerSaintIphone;
				VALIDATE_PRODUCT = YES;
			};
			name = Release;
		};
		C01FCF4F08A954540054247B /* Debug */ = {
			isa = XCBuildConfiguration;
			buildSettings = {
				ARCHS = "$(ARCHS_STANDARD_32_BIT)";
				"CODE_SIGN_IDENTITY[sdk=iphoneos*]" = "iPhone Developer";
				GCC_C_LANGUAGE_STANDARD = c99;
				GCC_WARN_ABOUT_RETURN_TYPE = YES;
				GCC_WARN_UNUSED_VARIABLE = YES;
				HEADER_SEARCH_PATHS = "";
				PREBINDING = NO;
				SDKROOT = iphoneos4.0;
			};
			name = Debug;
		};
		C01FCF5008A954540054247B /* Release */ = {
			isa = XCBuildConfiguration;
			buildSettings = {
				ARCHS = "$(ARCHS_STANDARD_32_BIT)";
				"CODE_SIGN_IDENTITY[sdk=iphoneos*]" = "iPhone Developer";
				GCC_C_LANGUAGE_STANDARD = c99;
				GCC_WARN_ABOUT_RETURN_TYPE = YES;
				GCC_WARN_UNUSED_VARIABLE = YES;
				HEADER_SEARCH_PATHS = "";
				OTHER_CFLAGS = "-DNS_BLOCK_ASSERTIONS=1";
				PREBINDING = NO;
				SDKROOT = iphoneos4.0;
			};
			name = Release;
		};
/* End XCBuildConfiguration section */

/* Begin XCConfigurationList section */
		1D6058960D05DD3E006BFB54 /* Build configuration list for PBXNativeTarget "TowerSaintIphone" */ = {
			isa = XCConfigurationList;
			buildConfigurations = (
				1D6058940D05DD3E006BFB54 /* Debug */,
				1D6058950D05DD3E006BFB54 /* Release */,
			);
			defaultConfigurationIsVisible = 0;
			defaultConfigurationName = Release;
		};
		C01FCF4E08A954540054247B /* Build configuration list for PBXProject "TowerSaintIphone" */ = {
			isa = XCConfigurationList;
			buildConfigurations = (
				C01FCF4F08A954540054247B /* Debug */,
				C01FCF5008A954540054247B /* Release */,
			);
			defaultConfigurationIsVisible = 0;
			defaultConfigurationName = Release;
		};
/* End XCConfigurationList section */
	};
	rootObject = 29B97313FDCFA39411CA2CEA /* Project object */;
}
